
Microsoft Visual Studio Solution File, Format Version 12.00
# Visual Studio Version 17
VisualStudioVersion = 17.0.31903.59
MinimumVisualStudioVersion = 10.0.40219.1
Project("{F2A71F9B-5D33-465A-A702-920D77279786}") = "App", "App.fsproj", "{A594A4F2-5EE8-40F4-B0E2-BED701ADDD5E}"
EndProject
Project("{F2A71F9B-5D33-465A-A702-920D77279786}") = "tests", "tests\tests.fsproj", "{15304B29-641C-4C8C-8D76-D5F64E520924}"
EndProject
Global
	GlobalSection(SolutionConfigurationPlatforms) = preSolution
		Debug|Any CPU = Debug|Any CPU
		Release|Any CPU = Release|Any CPU
	EndGlobalSection
	GlobalSection(SolutionProperties) = preSolution
		HideSolutionNode = FALSE
	EndGlobalSection
	GlobalSection(ProjectConfigurationPlatforms) = postSolution
		{A594A4F2-5EE8-40F4-B0E2-BED701ADDD5E}.Debug|Any CPU.ActiveCfg = Debug|Any CPU
		{A594A4F2-5EE8-40F4-B0E2-BED701ADDD5E}.Debug|Any CPU.Build.0 = Debug|Any CPU
		{A594A4F2-5EE8-40F4-B0E2-BED701ADDD5E}.Release|Any CPU.ActiveCfg = Release|Any CPU
		{A594A4F2-5EE8-40F4-B0E2-BED701ADDD5E}.Release|Any CPU.Build.0 = Release|Any CPU
		{15304B29-641C-4C8C-8D76-D5F64E520924}.Debug|Any CPU.ActiveCfg = Debug|Any CPU
		{15304B29-641C-4C8C-8D76-D5F64E520924}.Debug|Any CPU.Build.0 = Debug|Any CPU
		{15304B29-641C-4C8C-8D76-D5F64E520924}.Release|Any CPU.ActiveCfg = Release|Any CPU
		{15304B29-641C-4C8C-8D76-D5F64E520924}.Release|Any CPU.Build.0 = Release|Any CPU
	EndGlobalSection
EndGlobal
